// !$*UTF8*$!
{
	archiveVersion = 1;
	classes = {
	};
	objectVersion = 48;
	objects = {

/* Begin PBXBuildFile section */
		6503EEF21FD2DAC100190A6C /* AppDelegate.m in Sources */ = {isa = PBXBuildFile; fileRef = 6503EEF11FD2DAC100190A6C /* AppDelegate.m */; };
		6503EEF51FD2DAC100190A6C /* ViewController.m in Sources */ = {isa = PBXBuildFile; fileRef = 6503EEF41FD2DAC100190A6C /* ViewController.m */; };
		6503EEF81FD2DAC100190A6C /* Main.storyboard in Resources */ = {isa = PBXBuildFile; fileRef = 6503EEF61FD2DAC100190A6C /* Main.storyboard */; };
		6503EEFA1FD2DAC100190A6C /* Assets.xcassets in Resources */ = {isa = PBXBuildFile; fileRef = 6503EEF91FD2DAC100190A6C /* Assets.xcassets */; };
		6503EEFD1FD2DAC100190A6C /* LaunchScreen.storyboard in Resources */ = {isa = PBXBuildFile; fileRef = 6503EEFB1FD2DAC100190A6C /* LaunchScreen.storyboard */; };
		6503EF001FD2DAC100190A6C /* main.m in Sources */ = {isa = PBXBuildFile; fileRef = 6503EEFF1FD2DAC100190A6C /* main.m */; };
		9BD892BF28DB16D2AE158D51 /* libPods-Value2.a in Frameworks */ = {isa = PBXBuildFile; fileRef = 20F6DEB645941B7D615CD966 /* libPods-Value2.a */; };
/* End PBXBuildFile section */

/* Begin PBXFileReference section */
		20F6DEB645941B7D615CD966 /* libPods-Value2.a */ = {isa = PBXFileReference; explicitFileType = archive.ar; includeInIndex = 0; path = "libPods-Value2.a"; sourceTree = BUILT_PRODUCTS_DIR; };
		6503EEED1FD2DAC100190A6C /* Value2.app */ = {isa = PBXFileReference; explicitFileType = wrapper.application; includeInIndex = 0; path = Value2.app; sourceTree = BUILT_PRODUCTS_DIR; };
		6503EEF01FD2DAC100190A6C /* AppDelegate.h */ = {isa = PBXFileReference; lastKnownFileType = sourcecode.c.h; path = AppDelegate.h; sourceTree = "<group>"; };
		6503EEF11FD2DAC100190A6C /* AppDelegate.m */ = {isa = PBXFileReference; lastKnownFileType = sourcecode.c.objc; path = AppDelegate.m; sourceTree = "<group>"; };
		6503EEF31FD2DAC100190A6C /* ViewController.h */ = {isa = PBXFileReference; lastKnownFileType = sourcecode.c.h; path = ViewController.h; sourceTree = "<group>"; };
		6503EEF41FD2DAC100190A6C /* ViewController.m */ = {isa = PBXFileReference; lastKnownFileType = sourcecode.c.objc; path = ViewController.m; sourceTree = "<group>"; };
		6503EEF71FD2DAC100190A6C /* Base */ = {isa = PBXFileReference; lastKnownFileType = file.storyboard; name = Base; path = Base.lproj/Main.storyboard; sourceTree = "<group>"; };
		6503EEF91FD2DAC100190A6C /* Assets.xcassets */ = {isa = PBXFileReference; lastKnownFileType = folder.assetcatalog; path = Assets.xcassets; sourceTree = "<group>"; };
		6503EEFC1FD2DAC100190A6C /* Base */ = {isa = PBXFileReference; lastKnownFileType = file.storyboard; name = Base; path = Base.lproj/LaunchScreen.storyboard; sourceTree = "<group>"; };
		6503EEFE1FD2DAC100190A6C /* Info.plist */ = {isa = PBXFileReference; lastKnownFileType = text.plist.xml; path = Info.plist; sourceTree = "<group>"; };
		6503EEFF1FD2DAC100190A6C /* main.m */ = {isa = PBXFileReference; lastKnownFileType = sourcecode.c.objc; path = main.m; sourceTree = "<group>"; };
		86683AF8B95C655E73DB7C73 /* Pods-Value2.release.xcconfig */ = {isa = PBXFileReference; includeInIndex = 1; lastKnownFileType = text.xcconfig; name = "Pods-Value2.release.xcconfig"; path = "Pods/Target Support Files/Pods-Value2/Pods-Value2.release.xcconfig"; sourceTree = "<group>"; };
		D63998E512FB4C54009FED69 /* Pods-Value2.debug.xcconfig */ = {isa = PBXFileReference; includeInIndex = 1; lastKnownFileType = text.xcconfig; name = "Pods-Value2.debug.xcconfig"; path = "Pods/Target Support Files/Pods-Value2/Pods-Value2.debug.xcconfig"; sourceTree = "<group>"; };
/* End PBXFileReference section */

/* Begin PBXFrameworksBuildPhase section */
		6503EEEA1FD2DAC100190A6C /* Frameworks */ = {
			isa = PBXFrameworksBuildPhase;
			buildActionMask = 2147483647;
			files = (
				9BD892BF28DB16D2AE158D51 /* libPods-Value2.a in Frameworks */,
			);
			runOnlyForDeploymentPostprocessing = 0;
		};
/* End PBXFrameworksBuildPhase section */

/* Begin PBXGroup section */
		33F5008F07E1E0F513EE5336 /* Frameworks */ = {
			isa = PBXGroup;
			children = (
				20F6DEB645941B7D615CD966 /* libPods-Value2.a */,
			);
			name = Frameworks;
			sourceTree = "<group>";
		};
		6443DF2E6C26282985DF78D8 /* Pods */ = {
			isa = PBXGroup;
			children = (
				D63998E512FB4C54009FED69 /* Pods-Value2.debug.xcconfig */,
				86683AF8B95C655E73DB7C73 /* Pods-Value2.release.xcconfig */,
			);
			name = Pods;
			sourceTree = "<group>";
		};
		6503EEE41FD2DAC100190A6C = {
			isa = PBXGroup;
			children = (
				6503EEEF1FD2DAC100190A6C /* Value2 */,
				6503EEEE1FD2DAC100190A6C /* Products */,
				6443DF2E6C26282985DF78D8 /* Pods */,
				33F5008F07E1E0F513EE5336 /* Frameworks */,
			);
			sourceTree = "<group>";
		};
		6503EEEE1FD2DAC100190A6C /* Products */ = {
			isa = PBXGroup;
			children = (
				6503EEED1FD2DAC100190A6C /* Value2.app */,
			);
			name = Products;
			sourceTree = "<group>";
		};
		6503EEEF1FD2DAC100190A6C /* Value2 */ = {
			isa = PBXGroup;
			children = (
				6503EEF01FD2DAC100190A6C /* AppDelegate.h */,
				6503EEF11FD2DAC100190A6C /* AppDelegate.m */,
				6503EEF31FD2DAC100190A6C /* ViewController.h */,
				6503EEF41FD2DAC100190A6C /* ViewController.m */,
				6503EEF61FD2DAC100190A6C /* Main.storyboard */,
				6503EEF91FD2DAC100190A6C /* Assets.xcassets */,
				6503EEFB1FD2DAC100190A6C /* LaunchScreen.storyboard */,
				6503EEFE1FD2DAC100190A6C /* Info.plist */,
				6503EEFF1FD2DAC100190A6C /* main.m */,
			);
			path = Value2;
			sourceTree = "<group>";
		};
/* End PBXGroup section */

/* Begin PBXNativeTarget section */
		6503EEEC1FD2DAC100190A6C /* Value2 */ = {
			isa = PBXNativeTarget;
			buildConfigurationList = 6503EF031FD2DAC100190A6C /* Build configuration list for PBXNativeTarget "Value2" */;
			buildPhases = (
				176CB33AC36019BD6CD97596 /* [CP] Check Pods Manifest.lock */,
				6503EEE91FD2DAC100190A6C /* Sources */,
				6503EEEA1FD2DAC100190A6C /* Frameworks */,
				6503EEEB1FD2DAC100190A6C /* Resources */,
				DFD337409CFECBF3A4D35419 /* [CP] Embed Pods Frameworks */,
				4F5D9F761C3A894B5739568F /* [CP] Copy Pods Resources */,
			);
			buildRules = (
			);
			dependencies = (
			);
			name = Value2;
			productName = Value2;
			productReference = 6503EEED1FD2DAC100190A6C /* Value2.app */;
			productType = "com.apple.product-type.application";
		};
/* End PBXNativeTarget section */

/* Begin PBXProject section */
		6503EEE51FD2DAC100190A6C /* Project object */ = {
			isa = PBXProject;
			attributes = {
				LastUpgradeCheck = 0910;
				ORGANIZATIONNAME = "xuyunan0113@gmail.com";
				TargetAttributes = {
					6503EEEC1FD2DAC100190A6C = {
						CreatedOnToolsVersion = 9.1;
						ProvisioningStyle = Manual;
					};
				};
			};
			buildConfigurationList = 6503EEE81FD2DAC100190A6C /* Build configuration list for PBXProject "Value2" */;
			compatibilityVersion = "Xcode 8.0";
			developmentRegion = en;
			hasScannedForEncodings = 0;
			knownRegions = (
				en,
				Base,
			);
			mainGroup = 6503EEE41FD2DAC100190A6C;
			productRefGroup = 6503EEEE1FD2DAC100190A6C /* Products */;
			projectDirPath = "";
			projectRoot = "";
			targets = (
				6503EEEC1FD2DAC100190A6C /* Value2 */,
			);
		};
/* End PBXProject section */

/* Begin PBXResourcesBuildPhase section */
		6503EEEB1FD2DAC100190A6C /* Resources */ = {
			isa = PBXResourcesBuildPhase;
			buildActionMask = 2147483647;
			files = (
				6503EEFD1FD2DAC100190A6C /* LaunchScreen.storyboard in Resources */,
				6503EEFA1FD2DAC100190A6C /* Assets.xcassets in Resources */,
				6503EEF81FD2DAC100190A6C /* Main.storyboard in Resources */,
			);
			runOnlyForDeploymentPostprocessing = 0;
		};
/* End PBXResourcesBuildPhase section */

/* Begin PBXShellScriptBuildPhase section */
		176CB33AC36019BD6CD97596 /* [CP] Check Pods Manifest.lock */ = {
			isa = PBXShellScriptBuildPhase;
			buildActionMask = 2147483647;
			files = (
			);
			inputPaths = (
				"${PODS_PODFILE_DIR_PATH}/Podfile.lock",
				"${PODS_ROOT}/Manifest.lock",
			);
			name = "[CP] Check Pods Manifest.lock";
			outputPaths = (
				"$(DERIVED_FILE_DIR)/Pods-Value2-checkManifestLockResult.txt",
			);
			runOnlyForDeploymentPostprocessing = 0;
			shellPath = /bin/sh;
			shellScript = "diff \"${PODS_PODFILE_DIR_PATH}/Podfile.lock\" \"${PODS_ROOT}/Manifest.lock\" > /dev/null\nif [ $? != 0 ] ; then\n    # print error to STDERR\n    echo \"error: The sandbox is not in sync with the Podfile.lock. Run 'pod install' or update your CocoaPods installation.\" >&2\n    exit 1\nfi\n# This output is used by Xcode 'outputs' to avoid re-running this script phase.\necho \"SUCCESS\" > \"${SCRIPT_OUTPUT_FILE_0}\"\n";
			showEnvVarsInLog = 0;
		};
		4F5D9F761C3A894B5739568F /* [CP] Copy Pods Resources */ = {
			isa = PBXShellScriptBuildPhase;
			buildActionMask = 2147483647;
			files = (
			);
			inputPaths = (
			);
			name = "[CP] Copy Pods Resources";
			outputPaths = (
			);
			runOnlyForDeploymentPostprocessing = 0;
			shellPath = /bin/sh;
			shellScript = "\"${SRCROOT}/Pods/Target Support Files/Pods-Value2/Pods-Value2-resources.sh\"\n";
			showEnvVarsInLog = 0;
		};
		DFD337409CFECBF3A4D35419 /* [CP] Embed Pods Frameworks */ = {
			isa = PBXShellScriptBuildPhase;
			buildActionMask = 2147483647;
			files = (
			);
			inputPaths = (
			);
			name = "[CP] Embed Pods Frameworks";
			outputPaths = (
			);
			runOnlyForDeploymentPostprocessing = 0;
			shellPath = /bin/sh;
			shellScript = "\"${SRCROOT}/Pods/Target Support Files/Pods-Value2/Pods-Value2-frameworks.sh\"\n";
			showEnvVarsInLog = 0;
		};
/* End PBXShellScriptBuildPhase section */

/* Begin PBXSourcesBuildPhase section */
		6503EEE91FD2DAC100190A6C /* Sources */ = {
			isa = PBXSourcesBuildPhase;
			buildActionMask = 2147483647;
			files = (
				6503EEF51FD2DAC100190A6C /* ViewController.m in Sources */,
				6503EF001FD2DAC100190A6C /* main.m in Sources */,
				6503EEF21FD2DAC100190A6C /* AppDelegate.m in Sources */,
			);
			runOnlyForDeploymentPostprocessing = 0;
		};
/* End PBXSourcesBuildPhase section */

/* Begin PBXVariantGroup section */
		6503EEF61FD2DAC100190A6C /* Main.storyboard */ = {
			isa = PBXVariantGroup;
			children = (
				6503EEF71FD2DAC100190A6C /* Base */,
			);
			name = Main.storyboard;
			sourceTree = "<group>";
		};
		6503EEFB1FD2DAC100190A6C /* LaunchScreen.storyboard */ = {
			isa = PBXVariantGroup;
			children = (
				6503EEFC1FD2DAC100190A6C /* Base */,
			);
			name = LaunchScreen.storyboard;
			sourceTree = "<group>";
		};
/* End PBXVariantGroup section */

/* Begin XCBuildConfiguration section */
		6503EF011FD2DAC100190A6C /* Debug */ = {
			isa = XCBuildConfiguration;
			buildSettings = {
				ALWAYS_SEARCH_USER_PATHS = NO;
				CLANG_ANALYZER_NONNULL = YES;
				CLANG_ANALYZER_NUMBER_OBJECT_CONVERSION = YES_AGGRESSIVE;
				CLANG_CXX_LANGUAGE_STANDARD = "gnu++14";
				CLANG_CXX_LIBRARY = "libc++";
				CLANG_ENABLE_MODULES = YES;
				CLANG_ENABLE_OBJC_ARC = YES;
				CLANG_WARN_BLOCK_CAPTURE_AUTORELEASING = YES;
				CLANG_WARN_BOOL_CONVERSION = YES;
				CLANG_WARN_COMMA = YES;
				CLANG_WARN_CONSTANT_CONVERSION = YES;
				CLANG_WARN_DIRECT_OBJC_ISA_USAGE = YES_ERROR;
				CLANG_WARN_DOCUMENTATION_COMMENTS = YES;
				CLANG_WARN_EMPTY_BODY = YES;
				CLANG_WARN_ENUM_CONVERSION = YES;
				CLANG_WARN_INFINITE_RECURSION = YES;
				CLANG_WARN_INT_CONVERSION = YES;
				CLANG_WARN_NON_LITERAL_NULL_CONVERSION = YES;
				CLANG_WARN_OBJC_LITERAL_CONVERSION = YES;
				CLANG_WARN_OBJC_ROOT_CLASS = YES_ERROR;
				CLANG_WARN_RANGE_LOOP_ANALYSIS = YES;
				CLANG_WARN_STRICT_PROTOTYPES = YES;
				CLANG_WARN_SUSPICIOUS_MOVE = YES;
				CLANG_WARN_UNGUARDED_AVAILABILITY = YES_AGGRESSIVE;
				CLANG_WARN_UNREACHABLE_CODE = YES;
				CLANG_WARN__DUPLICATE_METHOD_MATCH = YES;
				CODE_SIGN_IDENTITY = "iPhone Developer";
				COPY_PHASE_STRIP = NO;
				DEBUG_INFORMATION_FORMAT = dwarf;
				ENABLE_STRICT_OBJC_MSGSEND = YES;
				ENABLE_TESTABILITY = YES;
				GCC_C_LANGUAGE_STANDARD = gnu11;
				GCC_DYNAMIC_NO_PIC = NO;
				GCC_NO_COMMON_BLOCKS = YES;
				GCC_OPTIMIZATION_LEVEL = 0;
				GCC_PREPROCESSOR_DEFINITIONS = (
					"DEBUG=1",
					"$(inherited)",
				);
				GCC_WARN_64_TO_32_BIT_CONVERSION = YES;
				GCC_WARN_ABOUT_RETURN_TYPE = YES_ERROR;
				GCC_WARN_UNDECLARED_SELECTOR = YES;
				GCC_WARN_UNINITIALIZED_AUTOS = YES_AGGRESSIVE;
				GCC_WARN_UNUSED_FUNCTION = YES;
				GCC_WARN_UNUSED_VARIABLE = YES;
				IPHONEOS_DEPLOYMENT_TARGET = 11.1;
				MTL_ENABLE_DEBUG_INFO = YES;
				ONLY_ACTIVE_ARCH = YES;
				SDKROOT = iphoneos;
			};
			name = Debug;
		};
		6503EF021FD2DAC100190A6C /* Release */ = {
			isa = XCBuildConfiguration;
			buildSettings = {
				ALWAYS_SEARCH_USER_PATHS = NO;
				CLANG_ANALYZER_NONNULL = YES;
				CLANG_ANALYZER_NUMBER_OBJECT_CONVERSION = YES_AGGRESSIVE;
				CLANG_CXX_LANGUAGE_STANDARD = "gnu++14";
				CLANG_CXX_LIBRARY = "libc++";
				CLANG_ENABLE_MODULES = YES;
				CLANG_ENABLE_OBJC_ARC = YES;
				CLANG_WARN_BLOCK_CAPTURE_AUTORELEASING = YES;
				CLANG_WARN_BOOL_CONVERSION = YES;
				CLANG_WARN_COMMA = YES;
				CLANG_WARN_CONSTANT_CONVERSION = YES;
				CLANG_WARN_DIRECT_OBJC_ISA_USAGE = YES_ERROR;
				CLANG_WARN_DOCUMENTATION_COMMENTS = YES;
				CLANG_WARN_EMPTY_BODY = YES;
				CLANG_WARN_ENUM_CONVERSION = YES;
				CLANG_WARN_INFINITE_RECURSION = YES;
				CLANG_WARN_INT_CONVERSION = YES;
				CLANG_WARN_NON_LITERAL_NULL_CONVERSION = YES;
				CLANG_WARN_OBJC_LITERAL_CONVERSION = YES;
				CLANG_WARN_OBJC_ROOT_CLASS = YES_ERROR;
				CLANG_WARN_RANGE_LOOP_ANALYSIS = YES;
				CLANG_WARN_STRICT_PROTOTYPES = YES;
				CLANG_WARN_SUSPICIOUS_MOVE = YES;
				CLANG_WARN_UNGUARDED_AVAILABILITY = YES_AGGRESSIVE;
				CLANG_WARN_UNREACHABLE_CODE = YES;
				CLANG_WARN__DUPLICATE_METHOD_MATCH = YES;
				CODE_SIGN_IDENTITY = "iPhone Developer";
				COPY_PHASE_STRIP = NO;
				DEBUG_INFORMATION_FORMAT = "dwarf-with-dsym";
				ENABLE_NS_ASSERTIONS = NO;
				ENABLE_STRICT_OBJC_MSGSEND = YES;
				GCC_C_LANGUAGE_STANDARD = gnu11;
				GCC_NO_COMMON_BLOCKS = YES;
				GCC_WARN_64_TO_32_BIT_CONVERSION = YES;
				GCC_WARN_ABOUT_RETURN_TYPE = YES_ERROR;
				GCC_WARN_UNDECLARED_SELECTOR = YES;
				GCC_WARN_UNINITIALIZED_AUTOS = YES_AGGRESSIVE;
				GCC_WARN_UNUSED_FUNCTION = YES;
				GCC_WARN_UNUSED_VARIABLE = YES;
				IPHONEOS_DEPLOYMENT_TARGET = 11.1;
				MTL_ENABLE_DEBUG_INFO = NO;
				SDKROOT = iphoneos;
				VALIDATE_PRODUCT = YES;
			};
			name = Release;
		};
		6503EF041FD2DAC100190A6C /* Debug */ = {
			isa = XCBuildConfiguration;
			baseConfigurationReference = D63998E512FB4C54009FED69 /* Pods-Value2.debug.xcconfig */;
			buildSettings = {
				ASSETCATALOG_COMPILER_APPICON_NAME = AppIcon;
				CODE_SIGN_STYLE = Manual;
				DEVELOPMENT_TEAM = "";
				INFOPLIST_FILE = Value2/Info.plist;
				LD_RUNPATH_SEARCH_PATHS = "$(inherited) @executable_path/Frameworks";
				PRODUCT_BUNDLE_IDENTIFIER = com.xuyunan.Value2;
				PRODUCT_NAME = "$(TARGET_NAME)";
				PROVISIONING_PROFILE_SPECIFIER = "";
				TARGETED_DEVICE_FAMILY = "1,2";
			};
			name = Debug;
		};
		6503EF051FD2DAC100190A6C /* Release */ = {
			isa = XCBuildConfiguration;
			baseConfigurationReference = 86683AF8B95C655E73DB7C73 /* Pods-Value2.release.xcconfig */;
			buildSettings = {
				ASSETCATALOG_COMPILER_APPICON_NAME = AppIcon;
				CODE_SIGN_STYLE = Manual;
				DEVELOPMENT_TEAM = "";
				INFOPLIST_FILE = Value2/Info.plist;
				LD_RUNPATH_SEARCH_PATHS = "$(inherited) @executable_path/Frameworks";
				PRODUCT_BUNDLE_IDENTIFIER = com.xuyunan.Value2;
				PRODUCT_NAME = "$(TARGET_NAME)";
				PROVISIONING_PROFILE_SPECIFIER = "";
				TARGETED_DEVICE_FAMILY = "1,2";
			};
			name = Release;
		};
/* End XCBuildConfiguration section */

/* Begin XCConfigurationList section */
		6503EEE81FD2DAC100190A6C /* Build configuration list for PBXProject "Value2" */ = {
			isa = XCConfigurationList;
			buildConfigurations = (
				6503EF011FD2DAC100190A6C /* Debug */,
				6503EF021FD2DAC100190A6C /* Release */,
			);
			defaultConfigurationIsVisible = 0;
			defaultConfigurationName = Release;
		};
		6503EF031FD2DAC100190A6C /* Build configuration list for PBXNativeTarget "Value2" */ = {
			isa = XCConfigurationList;
			buildConfigurations = (
				6503EF041FD2DAC100190A6C /* Debug */,
				6503EF051FD2DAC100190A6C /* Release */,
			);
			defaultConfigurationIsVisible = 0;
			defaultConfigurationName = Release;
		};
/* End XCConfigurationList section */
	};
	rootObject = 6503EEE51FD2DAC100190A6C /* Project object */;
}
