// !$*UTF8*$!
{
	archiveVersion = 1;
	classes = {
	};
	objectVersion = 48;
	objects = {

/* Begin PBXBuildFile section */
		651EA2541FD422D80059F191 /* AppDelegate.swift in Sources */ = {isa = PBXBuildFile; fileRef = 651EA2531FD422D80059F191 /* AppDelegate.swift */; };
		651EA2561FD422D80059F191 /* ViewController.swift in Sources */ = {isa = PBXBuildFile; fileRef = 651EA2551FD422D80059F191 /* ViewController.swift */; };
		651EA2591FD422D80059F191 /* Main.storyboard in Resources */ = {isa = PBXBuildFile; fileRef = 651EA2571FD422D80059F191 /* Main.storyboard */; };
		651EA25B1FD422D80059F191 /* Assets.xcassets in Resources */ = {isa = PBXBuildFile; fileRef = 651EA25A1FD422D80059F191 /* Assets.xcassets */; };
		651EA25E1FD422D80059F191 /* LaunchScreen.storyboard in Resources */ = {isa = PBXBuildFile; fileRef = 651EA25C1FD422D80059F191 /* LaunchScreen.storyboard */; };
		651EA2661FD422F80059F191 /* CTView.swift in Sources */ = {isa = PBXBuildFile; fileRef = 651EA2651FD422F80059F191 /* CTView.swift */; };
		65265F561FD58F9500F1B164 /* kenan.jpeg in Resources */ = {isa = PBXBuildFile; fileRef = 65265F551FD58F9500F1B164 /* kenan.jpeg */; };
		65265F581FD5B4C500F1B164 /* kenan.txt in Resources */ = {isa = PBXBuildFile; fileRef = 65265F571FD5B4C500F1B164 /* kenan.txt */; };
/* End PBXBuildFile section */

/* Begin PBXFileReference section */
		651EA2501FD422D80059F191 /* CoreText1.app */ = {isa = PBXFileReference; explicitFileType = wrapper.application; includeInIndex = 0; path = CoreText1.app; sourceTree = BUILT_PRODUCTS_DIR; };
		651EA2531FD422D80059F191 /* AppDelegate.swift */ = {isa = PBXFileReference; lastKnownFileType = sourcecode.swift; path = AppDelegate.swift; sourceTree = "<group>"; };
		651EA2551FD422D80059F191 /* ViewController.swift */ = {isa = PBXFileReference; lastKnownFileType = sourcecode.swift; path = ViewController.swift; sourceTree = "<group>"; };
		651EA2581FD422D80059F191 /* Base */ = {isa = PBXFileReference; lastKnownFileType = file.storyboard; name = Base; path = Base.lproj/Main.storyboard; sourceTree = "<group>"; };
		651EA25A1FD422D80059F191 /* Assets.xcassets */ = {isa = PBXFileReference; lastKnownFileType = folder.assetcatalog; path = Assets.xcassets; sourceTree = "<group>"; };
		651EA25D1FD422D80059F191 /* Base */ = {isa = PBXFileReference; lastKnownFileType = file.storyboard; name = Base; path = Base.lproj/LaunchScreen.storyboard; sourceTree = "<group>"; };
		651EA25F1FD422D80059F191 /* Info.plist */ = {isa = PBXFileReference; lastKnownFileType = text.plist.xml; path = Info.plist; sourceTree = "<group>"; };
		651EA2651FD422F80059F191 /* CTView.swift */ = {isa = PBXFileReference; lastKnownFileType = sourcecode.swift; path = CTView.swift; sourceTree = "<group>"; };
		651EA2681FD423740059F191 /* CoreText.framework */ = {isa = PBXFileReference; lastKnownFileType = wrapper.framework; name = CoreText.framework; path = System/Library/Frameworks/CoreText.framework; sourceTree = SDKROOT; };
		65265F551FD58F9500F1B164 /* kenan.jpeg */ = {isa = PBXFileReference; lastKnownFileType = image.jpeg; path = kenan.jpeg; sourceTree = "<group>"; };
		65265F571FD5B4C500F1B164 /* kenan.txt */ = {isa = PBXFileReference; lastKnownFileType = text; path = kenan.txt; sourceTree = "<group>"; };
/* End PBXFileReference section */

/* Begin PBXFrameworksBuildPhase section */
		651EA24D1FD422D80059F191 /* Frameworks */ = {
			isa = PBXFrameworksBuildPhase;
			buildActionMask = 2147483647;
			files = (
			);
			runOnlyForDeploymentPostprocessing = 0;
		};
/* End PBXFrameworksBuildPhase section */

/* Begin PBXGroup section */
		651EA2471FD422D80059F191 = {
			isa = PBXGroup;
			children = (
				651EA2521FD422D80059F191 /* CoreText1 */,
				651EA2511FD422D80059F191 /* Products */,
				651EA2671FD423740059F191 /* Frameworks */,
			);
			sourceTree = "<group>";
		};
		651EA2511FD422D80059F191 /* Products */ = {
			isa = PBXGroup;
			children = (
				651EA2501FD422D80059F191 /* CoreText1.app */,
			);
			name = Products;
			sourceTree = "<group>";
		};
		651EA2521FD422D80059F191 /* CoreText1 */ = {
			isa = PBXGroup;
			children = (
				651EA2531FD422D80059F191 /* AppDelegate.swift */,
				651EA2551FD422D80059F191 /* ViewController.swift */,
				651EA2651FD422F80059F191 /* CTView.swift */,
				651EA2571FD422D80059F191 /* Main.storyboard */,
				651EA25A1FD422D80059F191 /* Assets.xcassets */,
				65265F551FD58F9500F1B164 /* kenan.jpeg */,
				65265F571FD5B4C500F1B164 /* kenan.txt */,
				651EA25C1FD422D80059F191 /* LaunchScreen.storyboard */,
				651EA25F1FD422D80059F191 /* Info.plist */,
			);
			path = CoreText1;
			sourceTree = "<group>";
		};
		651EA2671FD423740059F191 /* Frameworks */ = {
			isa = PBXGroup;
			children = (
				651EA2681FD423740059F191 /* CoreText.framework */,
			);
			name = Frameworks;
			sourceTree = "<group>";
		};
/* End PBXGroup section */

/* Begin PBXNativeTarget section */
		651EA24F1FD422D80059F191 /* CoreText1 */ = {
			isa = PBXNativeTarget;
			buildConfigurationList = 651EA2621FD422D80059F191 /* Build configuration list for PBXNativeTarget "CoreText1" */;
			buildPhases = (
				651EA24C1FD422D80059F191 /* Sources */,
				651EA24D1FD422D80059F191 /* Frameworks */,
				651EA24E1FD422D80059F191 /* Resources */,
			);
			buildRules = (
			);
			dependencies = (
			);
			name = CoreText1;
			productName = CoreText1;
			productReference = 651EA2501FD422D80059F191 /* CoreText1.app */;
			productType = "com.apple.product-type.application";
		};
/* End PBXNativeTarget section */

/* Begin PBXProject section */
		651EA2481FD422D80059F191 /* Project object */ = {
			isa = PBXProject;
			attributes = {
				LastSwiftUpdateCheck = 0910;
				LastUpgradeCheck = 0910;
				ORGANIZATIONNAME = "xuyunan0113@gmail.com";
				TargetAttributes = {
					651EA24F1FD422D80059F191 = {
						CreatedOnToolsVersion = 9.1;
						ProvisioningStyle = Manual;
					};
				};
			};
			buildConfigurationList = 651EA24B1FD422D80059F191 /* Build configuration list for PBXProject "CoreText1" */;
			compatibilityVersion = "Xcode 8.0";
			developmentRegion = en;
			hasScannedForEncodings = 0;
			knownRegions = (
				en,
				Base,
			);
			mainGroup = 651EA2471FD422D80059F191;
			productRefGroup = 651EA2511FD422D80059F191 /* Products */;
			projectDirPath = "";
			projectRoot = "";
			targets = (
				651EA24F1FD422D80059F191 /* CoreText1 */,
			);
		};
/* End PBXProject section */

/* Begin PBXResourcesBuildPhase section */
		651EA24E1FD422D80059F191 /* Resources */ = {
			isa = PBXResourcesBuildPhase;
			buildActionMask = 2147483647;
			files = (
				651EA25E1FD422D80059F191 /* LaunchScreen.storyboard in Resources */,
				65265F581FD5B4C500F1B164 /* kenan.txt in Resources */,
				651EA25B1FD422D80059F191 /* Assets.xcassets in Resources */,
				651EA2591FD422D80059F191 /* Main.storyboard in Resources */,
				65265F561FD58F9500F1B164 /* kenan.jpeg in Resources */,
			);
			runOnlyForDeploymentPostprocessing = 0;
		};
/* End PBXResourcesBuildPhase section */

/* Begin PBXSourcesBuildPhase section */
		651EA24C1FD422D80059F191 /* Sources */ = {
			isa = PBXSourcesBuildPhase;
			buildActionMask = 2147483647;
			files = (
				651EA2561FD422D80059F191 /* ViewController.swift in Sources */,
				651EA2661FD422F80059F191 /* CTView.swift in Sources */,
				651EA2541FD422D80059F191 /* AppDelegate.swift in Sources */,
			);
			runOnlyForDeploymentPostprocessing = 0;
		};
/* End PBXSourcesBuildPhase section */

/* Begin PBXVariantGroup section */
		651EA2571FD422D80059F191 /* Main.storyboard */ = {
			isa = PBXVariantGroup;
			children = (
				651EA2581FD422D80059F191 /* Base */,
			);
			name = Main.storyboard;
			sourceTree = "<group>";
		};
		651EA25C1FD422D80059F191 /* LaunchScreen.storyboard */ = {
			isa = PBXVariantGroup;
			children = (
				651EA25D1FD422D80059F191 /* Base */,
			);
			name = LaunchScreen.storyboard;
			sourceTree = "<group>";
		};
/* End PBXVariantGroup section */

/* Begin XCBuildConfiguration section */
		651EA2601FD422D80059F191 /* Debug */ = {
			isa = XCBuildConfiguration;
			buildSettings = {
				ALWAYS_SEARCH_USER_PATHS = NO;
				CLANG_ANALYZER_NONNULL = YES;
				CLANG_ANALYZER_NUMBER_OBJECT_CONVERSION = YES_AGGRESSIVE;
				CLANG_CXX_LANGUAGE_STANDARD = "gnu++14";
				CLANG_CXX_LIBRARY = "libc++";
				CLANG_ENABLE_MODULES = YES;
				CLANG_ENABLE_OBJC_ARC = YES;
				CLANG_WARN_BLOCK_CAPTURE_AUTORELEASING = YES;
				CLANG_WARN_BOOL_CONVERSION = YES;
				CLANG_WARN_COMMA = YES;
				CLANG_WARN_CONSTANT_CONVERSION = YES;
				CLANG_WARN_DIRECT_OBJC_ISA_USAGE = YES_ERROR;
				CLANG_WARN_DOCUMENTATION_COMMENTS = YES;
				CLANG_WARN_EMPTY_BODY = YES;
				CLANG_WARN_ENUM_CONVERSION = YES;
				CLANG_WARN_INFINITE_RECURSION = YES;
				CLANG_WARN_INT_CONVERSION = YES;
				CLANG_WARN_NON_LITERAL_NULL_CONVERSION = YES;
				CLANG_WARN_OBJC_LITERAL_CONVERSION = YES;
				CLANG_WARN_OBJC_ROOT_CLASS = YES_ERROR;
				CLANG_WARN_RANGE_LOOP_ANALYSIS = YES;
				CLANG_WARN_STRICT_PROTOTYPES = YES;
				CLANG_WARN_SUSPICIOUS_MOVE = YES;
				CLANG_WARN_UNGUARDED_AVAILABILITY = YES_AGGRESSIVE;
				CLANG_WARN_UNREACHABLE_CODE = YES;
				CLANG_WARN__DUPLICATE_METHOD_MATCH = YES;
				CODE_SIGN_IDENTITY = "iPhone Developer";
				COPY_PHASE_STRIP = NO;
				DEBUG_INFORMATION_FORMAT = dwarf;
				ENABLE_STRICT_OBJC_MSGSEND = YES;
				ENABLE_TESTABILITY = YES;
				GCC_C_LANGUAGE_STANDARD = gnu11;
				GCC_DYNAMIC_NO_PIC = NO;
				GCC_NO_COMMON_BLOCKS = YES;
				GCC_OPTIMIZATION_LEVEL = 0;
				GCC_PREPROCESSOR_DEFINITIONS = (
					"DEBUG=1",
					"$(inherited)",
				);
				GCC_WARN_64_TO_32_BIT_CONVERSION = YES;
				GCC_WARN_ABOUT_RETURN_TYPE = YES_ERROR;
				GCC_WARN_UNDECLARED_SELECTOR = YES;
				GCC_WARN_UNINITIALIZED_AUTOS = YES_AGGRESSIVE;
				GCC_WARN_UNUSED_FUNCTION = YES;
				GCC_WARN_UNUSED_VARIABLE = YES;
				IPHONEOS_DEPLOYMENT_TARGET = 11.1;
				MTL_ENABLE_DEBUG_INFO = YES;
				ONLY_ACTIVE_ARCH = YES;
				SDKROOT = iphoneos;
				SWIFT_ACTIVE_COMPILATION_CONDITIONS = DEBUG;
				SWIFT_OPTIMIZATION_LEVEL = "-Onone";
			};
			name = Debug;
		};
		651EA2611FD422D80059F191 /* Release */ = {
			isa = XCBuildConfiguration;
			buildSettings = {
				ALWAYS_SEARCH_USER_PATHS = NO;
				CLANG_ANALYZER_NONNULL = YES;
				CLANG_ANALYZER_NUMBER_OBJECT_CONVERSION = YES_AGGRESSIVE;
				CLANG_CXX_LANGUAGE_STANDARD = "gnu++14";
				CLANG_CXX_LIBRARY = "libc++";
				CLANG_ENABLE_MODULES = YES;
				CLANG_ENABLE_OBJC_ARC = YES;
				CLANG_WARN_BLOCK_CAPTURE_AUTORELEASING = YES;
				CLANG_WARN_BOOL_CONVERSION = YES;
				CLANG_WARN_COMMA = YES;
				CLANG_WARN_CONSTANT_CONVERSION = YES;
				CLANG_WARN_DIRECT_OBJC_ISA_USAGE = YES_ERROR;
				CLANG_WARN_DOCUMENTATION_COMMENTS = YES;
				CLANG_WARN_EMPTY_BODY = YES;
				CLANG_WARN_ENUM_CONVERSION = YES;
				CLANG_WARN_INFINITE_RECURSION = YES;
				CLANG_WARN_INT_CONVERSION = YES;
				CLANG_WARN_NON_LITERAL_NULL_CONVERSION = YES;
				CLANG_WARN_OBJC_LITERAL_CONVERSION = YES;
				CLANG_WARN_OBJC_ROOT_CLASS = YES_ERROR;
				CLANG_WARN_RANGE_LOOP_ANALYSIS = YES;
				CLANG_WARN_STRICT_PROTOTYPES = YES;
				CLANG_WARN_SUSPICIOUS_MOVE = YES;
				CLANG_WARN_UNGUARDED_AVAILABILITY = YES_AGGRESSIVE;
				CLANG_WARN_UNREACHABLE_CODE = YES;
				CLANG_WARN__DUPLICATE_METHOD_MATCH = YES;
				CODE_SIGN_IDENTITY = "iPhone Developer";
				COPY_PHASE_STRIP = NO;
				DEBUG_INFORMATION_FORMAT = "dwarf-with-dsym";
				ENABLE_NS_ASSERTIONS = NO;
				ENABLE_STRICT_OBJC_MSGSEND = YES;
				GCC_C_LANGUAGE_STANDARD = gnu11;
				GCC_NO_COMMON_BLOCKS = YES;
				GCC_WARN_64_TO_32_BIT_CONVERSION = YES;
				GCC_WARN_ABOUT_RETURN_TYPE = YES_ERROR;
				GCC_WARN_UNDECLARED_SELECTOR = YES;
				GCC_WARN_UNINITIALIZED_AUTOS = YES_AGGRESSIVE;
				GCC_WARN_UNUSED_FUNCTION = YES;
				GCC_WARN_UNUSED_VARIABLE = YES;
				IPHONEOS_DEPLOYMENT_TARGET = 11.1;
				MTL_ENABLE_DEBUG_INFO = NO;
				SDKROOT = iphoneos;
				SWIFT_OPTIMIZATION_LEVEL = "-Owholemodule";
				VALIDATE_PRODUCT = YES;
			};
			name = Release;
		};
		651EA2631FD422D80059F191 /* Debug */ = {
			isa = XCBuildConfiguration;
			buildSettings = {
				ASSETCATALOG_COMPILER_APPICON_NAME = AppIcon;
				CODE_SIGN_STYLE = Manual;
				DEVELOPMENT_TEAM = "";
				INFOPLIST_FILE = CoreText1/Info.plist;
				LD_RUNPATH_SEARCH_PATHS = "$(inherited) @executable_path/Frameworks";
				PRODUCT_BUNDLE_IDENTIFIER = com.xuyunan.CoreText1;
				PRODUCT_NAME = "$(TARGET_NAME)";
				PROVISIONING_PROFILE_SPECIFIER = "";
				SWIFT_VERSION = 4.0;
				TARGETED_DEVICE_FAMILY = "1,2";
			};
			name = Debug;
		};
		651EA2641FD422D80059F191 /* Release */ = {
			isa = XCBuildConfiguration;
			buildSettings = {
				ASSETCATALOG_COMPILER_APPICON_NAME = AppIcon;
				CODE_SIGN_STYLE = Manual;
				DEVELOPMENT_TEAM = "";
				INFOPLIST_FILE = CoreText1/Info.plist;
				LD_RUNPATH_SEARCH_PATHS = "$(inherited) @executable_path/Frameworks";
				PRODUCT_BUNDLE_IDENTIFIER = com.xuyunan.CoreText1;
				PRODUCT_NAME = "$(TARGET_NAME)";
				PROVISIONING_PROFILE_SPECIFIER = "";
				SWIFT_VERSION = 4.0;
				TARGETED_DEVICE_FAMILY = "1,2";
			};
			name = Release;
		};
/* End XCBuildConfiguration section */

/* Begin XCConfigurationList section */
		651EA24B1FD422D80059F191 /* Build configuration list for PBXProject "CoreText1" */ = {
			isa = XCConfigurationList;
			buildConfigurations = (
				651EA2601FD422D80059F191 /* Debug */,
				651EA2611FD422D80059F191 /* Release */,
			);
			defaultConfigurationIsVisible = 0;
			defaultConfigurationName = Release;
		};
		651EA2621FD422D80059F191 /* Build configuration list for PBXNativeTarget "CoreText1" */ = {
			isa = XCConfigurationList;
			buildConfigurations = (
				651EA2631FD422D80059F191 /* Debug */,
				651EA2641FD422D80059F191 /* Release */,
			);
			defaultConfigurationIsVisible = 0;
			defaultConfigurationName = Release;
		};
/* End XCConfigurationList section */
	};
	rootObject = 651EA2481FD422D80059F191 /* Project object */;
}
